
Microsoft Visual Studio Solution File, Format Version 12.00
# Visual Studio Version 16
VisualStudioVersion = 16.0.31105.61
MinimumVisualStudioVersion = 10.0.40219.1
Project("{9A19103F-16F7-4668-BE54-9A1E7A4F7556}") = "DomainByAssessment.Console", "DomainByAssessment.Console\DomainByAssessment.Console.csproj", "{55A1158A-D668-4CDF-9B45-F1AD04A1794B}"
EndProject
Project("{9A19103F-16F7-4668-BE54-9A1E7A4F7556}") = "DomainByAssessment.EF", "DomainByAssessment.EF\DomainByAssessment.EF.csproj", "{98ADC07D-7561-4B26-BA83-6E120397E758}"
EndProject
Project("{FAE04EC0-301F-11D3-BF4B-00C04F79EFBC}") = "DomainByAssessment.RazorPages", "DomainByAssessment.RazorPages\DomainByAssessment.RazorPages.csproj", "{A3EDCF6E-94AB-4E4E-BA7F-38945CF1382B}"
EndProject
Global
	GlobalSection(SolutionConfigurationPlatforms) = preSolution
		Debug|Any CPU = Debug|Any CPU
		Release|Any CPU = Release|Any CPU
	EndGlobalSection
	GlobalSection(ProjectConfigurationPlatforms) = postSolution
		{55A1158A-D668-4CDF-9B45-F1AD04A1794B}.Debug|Any CPU.ActiveCfg = Debug|Any CPU
		{55A1158A-D668-4CDF-9B45-F1AD04A1794B}.Debug|Any CPU.Build.0 = Debug|Any CPU
		{55A1158A-D668-4CDF-9B45-F1AD04A1794B}.Release|Any CPU.ActiveCfg = Release|Any CPU
		{55A1158A-D668-4CDF-9B45-F1AD04A1794B}.Release|Any CPU.Build.0 = Release|Any CPU
		{98ADC07D-7561-4B26-BA83-6E120397E758}.Debug|Any CPU.ActiveCfg = Debug|Any CPU
		{98ADC07D-7561-4B26-BA83-6E120397E758}.Debug|Any CPU.Build.0 = Debug|Any CPU
		{98ADC07D-7561-4B26-BA83-6E120397E758}.Release|Any CPU.ActiveCfg = Release|Any CPU
		{98ADC07D-7561-4B26-BA83-6E120397E758}.Release|Any CPU.Build.0 = Release|Any CPU
		{A3EDCF6E-94AB-4E4E-BA7F-38945CF1382B}.Debug|Any CPU.ActiveCfg = Debug|Any CPU
		{A3EDCF6E-94AB-4E4E-BA7F-38945CF1382B}.Debug|Any CPU.Build.0 = Debug|Any CPU
		{A3EDCF6E-94AB-4E4E-BA7F-38945CF1382B}.Release|Any CPU.ActiveCfg = Release|Any CPU
		{A3EDCF6E-94AB-4E4E-BA7F-38945CF1382B}.Release|Any CPU.Build.0 = Release|Any CPU
	EndGlobalSection
	GlobalSection(SolutionProperties) = preSolution
		HideSolutionNode = FALSE
	EndGlobalSection
	GlobalSection(ExtensibilityGlobals) = postSolution
		SolutionGuid = {1F840274-FBD1-4799-805A-4FF1A22BA03C}
	EndGlobalSection
EndGlobal
